
Microsoft Visual Studio Solution File, Format Version 12.00
# Visual Studio Version 16
VisualStudioVersion = 16.0.32228.343
MinimumVisualStudioVersion = 10.0.40219.1
Project("{FAE04EC0-301F-11D3-BF4B-00C04F79EFBC}") = "Partial views-Load more", "Partial views, Load more\Partial views-Load more.csproj", "{8BC8FAF4-2952-48E6-8727-FFC9FDDB8778}"
EndProject
Global
	GlobalSection(SolutionConfigurationPlatforms) = preSolution
		Debug|Any CPU = Debug|Any CPU
		Release|Any CPU = Release|Any CPU
	EndGlobalSection
	GlobalSection(ProjectConfigurationPlatforms) = postSolution
		{8BC8FAF4-2952-48E6-8727-FFC9FDDB8778}.Debug|Any CPU.ActiveCfg = Debug|Any CPU
		{8BC8FAF4-2952-48E6-8727-FFC9FDDB8778}.Debug|Any CPU.Build.0 = Debug|Any CPU
		{8BC8FAF4-2952-48E6-8727-FFC9FDDB8778}.Release|Any CPU.ActiveCfg = Release|Any CPU
		{8BC8FAF4-2952-48E6-8727-FFC9FDDB8778}.Release|Any CPU.Build.0 = Release|Any CPU
	EndGlobalSection
	GlobalSection(SolutionProperties) = preSolution
		HideSolutionNode = FALSE
	EndGlobalSection
	GlobalSection(ExtensibilityGlobals) = postSolution
		SolutionGuid = {F14F1A36-3C41-4D4E-8C3C-33F0BB788894}
	EndGlobalSection
EndGlobal
